
Microsoft Visual Studio Solution File, Format Version 12.00
# Visual Studio 15
VisualStudioVersion = 15.0.26114.2
MinimumVisualStudioVersion = 10.0.40219.1
Project("{2150E333-8FDC-42A3-9474-1A3956D46DE8}") = "src", "src", "{2899AF4E-785C-46F1-B7DA-33B6E58A4FC5}"
EndProject
Project("{2150E333-8FDC-42A3-9474-1A3956D46DE8}") = "samples", "samples", "{74976926-7813-4EEA-9E22-8CE1BD24FDD6}"
EndProject
Project("{2150E333-8FDC-42A3-9474-1A3956D46DE8}") = "test", "test", "{546D992E-3DAB-4D49-8C67-B74D467921C7}"
EndProject
Project("{FAE04EC0-301F-11D3-BF4B-00C04F79EFBC}") = "BasicSample", "samples\BasicSample\BasicSample.csproj", "{646B9E70-91D6-416D-A92A-FD4063B423E2}"
EndProject
Project("{FAE04EC0-301F-11D3-BF4B-00C04F79EFBC}") = "NotMicrosoft.Configuration", "src\NotMicrosoft.Configuration\NotMicrosoft.Configuration.csproj", "{97E4E66F-40C1-4BBC-8DCC-B85FF698F59E}"
EndProject
Project("{FAE04EC0-301F-11D3-BF4B-00C04F79EFBC}") = "Microsoft.Extensions.Configuration.Json.Test", "test\Microsoft.Extensions.Configuration.Json.Test\Microsoft.Extensions.Configuration.Json.Test.csproj", "{F4D282E2-9D0B-4525-9A21-22D0D13866C7}"
EndProject
Project("{FAE04EC0-301F-11D3-BF4B-00C04F79EFBC}") = "Microsoft.Extensions.Configuration.Test.Common", "test\Microsoft.Extensions.Configuration.Test.Common\Microsoft.Extensions.Configuration.Test.Common.csproj", "{5C6F6B43-54A9-4BD4-86AD-D1C28E6162FD}"
EndProject
Project("{FAE04EC0-301F-11D3-BF4B-00C04F79EFBC}") = "NotMicrosoft.Configuration.Tests", "test\NotMicrosoft.Configuration.Tests\NotMicrosoft.Configuration.Tests.csproj", "{68A10953-9ACB-4707-934B-98F4683C13E3}"
EndProject
Global
	GlobalSection(SolutionConfigurationPlatforms) = preSolution
		Debug|Any CPU = Debug|Any CPU
		Release|Any CPU = Release|Any CPU
	EndGlobalSection
	GlobalSection(ProjectConfigurationPlatforms) = postSolution
		{646B9E70-91D6-416D-A92A-FD4063B423E2}.Debug|Any CPU.ActiveCfg = Debug|Any CPU
		{646B9E70-91D6-416D-A92A-FD4063B423E2}.Debug|Any CPU.Build.0 = Debug|Any CPU
		{646B9E70-91D6-416D-A92A-FD4063B423E2}.Release|Any CPU.ActiveCfg = Release|Any CPU
		{646B9E70-91D6-416D-A92A-FD4063B423E2}.Release|Any CPU.Build.0 = Release|Any CPU
		{97E4E66F-40C1-4BBC-8DCC-B85FF698F59E}.Debug|Any CPU.ActiveCfg = Debug|Any CPU
		{97E4E66F-40C1-4BBC-8DCC-B85FF698F59E}.Debug|Any CPU.Build.0 = Debug|Any CPU
		{97E4E66F-40C1-4BBC-8DCC-B85FF698F59E}.Release|Any CPU.ActiveCfg = Release|Any CPU
		{97E4E66F-40C1-4BBC-8DCC-B85FF698F59E}.Release|Any CPU.Build.0 = Release|Any CPU
		{F4D282E2-9D0B-4525-9A21-22D0D13866C7}.Debug|Any CPU.ActiveCfg = Debug|Any CPU
		{F4D282E2-9D0B-4525-9A21-22D0D13866C7}.Debug|Any CPU.Build.0 = Debug|Any CPU
		{F4D282E2-9D0B-4525-9A21-22D0D13866C7}.Release|Any CPU.ActiveCfg = Release|Any CPU
		{F4D282E2-9D0B-4525-9A21-22D0D13866C7}.Release|Any CPU.Build.0 = Release|Any CPU
		{5C6F6B43-54A9-4BD4-86AD-D1C28E6162FD}.Debug|Any CPU.ActiveCfg = Debug|Any CPU
		{5C6F6B43-54A9-4BD4-86AD-D1C28E6162FD}.Debug|Any CPU.Build.0 = Debug|Any CPU
		{5C6F6B43-54A9-4BD4-86AD-D1C28E6162FD}.Release|Any CPU.ActiveCfg = Release|Any CPU
		{5C6F6B43-54A9-4BD4-86AD-D1C28E6162FD}.Release|Any CPU.Build.0 = Release|Any CPU
		{68A10953-9ACB-4707-934B-98F4683C13E3}.Debug|Any CPU.ActiveCfg = Debug|Any CPU
		{68A10953-9ACB-4707-934B-98F4683C13E3}.Debug|Any CPU.Build.0 = Debug|Any CPU
		{68A10953-9ACB-4707-934B-98F4683C13E3}.Release|Any CPU.ActiveCfg = Release|Any CPU
		{68A10953-9ACB-4707-934B-98F4683C13E3}.Release|Any CPU.Build.0 = Release|Any CPU
	EndGlobalSection
	GlobalSection(SolutionProperties) = preSolution
		HideSolutionNode = FALSE
	EndGlobalSection
	GlobalSection(NestedProjects) = preSolution
		{646B9E70-91D6-416D-A92A-FD4063B423E2} = {74976926-7813-4EEA-9E22-8CE1BD24FDD6}
		{97E4E66F-40C1-4BBC-8DCC-B85FF698F59E} = {2899AF4E-785C-46F1-B7DA-33B6E58A4FC5}
		{F4D282E2-9D0B-4525-9A21-22D0D13866C7} = {546D992E-3DAB-4D49-8C67-B74D467921C7}
		{5C6F6B43-54A9-4BD4-86AD-D1C28E6162FD} = {546D992E-3DAB-4D49-8C67-B74D467921C7}
		{68A10953-9ACB-4707-934B-98F4683C13E3} = {546D992E-3DAB-4D49-8C67-B74D467921C7}
	EndGlobalSection
EndGlobal
